{
  "name": "louisclais",
  "version": "1.0.0",
  "lockfileVersion": 1,
  "requires": true,
  "dependencies": {
    "preact": {
      "version": "10.4.4",
      "resolved": "https://registry.npmjs.org/preact/-/preact-10.4.4.tgz",
      "integrity": "sha512-EaTJrerceyAPatQ+vfnadoopsMBZAOY7ak9ogVdUi5xbpR8SoHgtLryXnW+4mQOwt21icqoVR1brkU2dq7pEBA=="
    }
  }
}
